// !$*UTF8*$!
{
	archiveVersion = 1;
	classes = {
	};
	objectVersion = 110;
	objects = {

/* Begin PBXBuildFile section */
		5EA7C0DE000000000000000C /* PepperWatchWatchApp.app in Embed Watch Content */ = {isa = PBXBuildFile; fileRef = 5EA7C0DE0000000000000001 /* PepperWatchWatchApp.app */; settings = {ATTRIBUTES = (RemoveHeadersOnCopy, ); }; };
		5EA7C0DE0000000000000020 /* PepperWatchWatchWidgetsExtension.appex in Embed Foundation Extensions */ = {isa = PBXBuildFile; fileRef = 5EA7C0DE0000000000000021 /* PepperWatchWatchWidgetsExtension.appex */; settings = {ATTRIBUTES = (RemoveHeadersOnCopy, ); }; };
		7A11C0DE000000000000000C /* PepperWatchWidgetsExtension.appex in Embed Foundation Extensions */ = {isa = PBXBuildFile; fileRef = 7A11C0DE0000000000000001 /* PepperWatchWidgetsExtension.appex */; settings = {ATTRIBUTES = (RemoveHeadersOnCopy, ); }; };
/* End PBXBuildFile section */

/* Begin PBXContainerItemProxy section */
		7E57C0DE0000000000000206 /* PBXContainerItemProxy */ = {
			isa = PBXContainerItemProxy;
			containerPortal = 63F68295306B92B300298C1C /* Project object */;
			proxyType = 1;
			remoteGlobalIDString = 63F6829C306B92B300298C1C;
			remoteInfo = "Pepper Watch";
		};
		5EA7C0DE000000000000000D /* PBXContainerItemProxy */ = {
			isa = PBXContainerItemProxy;
			containerPortal = 63F68295306B92B300298C1C /* Project object */;
			proxyType = 1;
			remoteGlobalIDString = 5EA7C0DE0000000000000007;
			remoteInfo = PepperWatchWatchApp;
		};
		5EA7C0DE0000000000000022 /* PBXContainerItemProxy */ = {
			isa = PBXContainerItemProxy;
			containerPortal = 63F68295306B92B300298C1C /* Project object */;
			proxyType = 1;
			remoteGlobalIDString = 5EA7C0DE0000000000000027;
			remoteInfo = PepperWatchWatchWidgetsExtension;
		};
		7A11C0DE000000000000000D /* PBXContainerItemProxy */ = {
			isa = PBXContainerItemProxy;
			containerPortal = 63F68295306B92B300298C1C /* Project object */;
			proxyType = 1;
			remoteGlobalIDString = 7A11C0DE0000000000000007;
			remoteInfo = PepperWatchWidgetsExtension;
		};
		7E57C0DE0000000000000006 /* PBXContainerItemProxy */ = {
			isa = PBXContainerItemProxy;
			containerPortal = 63F68295306B92B300298C1C /* Project object */;
			proxyType = 1;
			remoteGlobalIDString = 63F6829C306B92B300298C1C;
			remoteInfo = "Pepper Watch";
		};
		7E57C0DE0000000000000106 /* PBXContainerItemProxy */ = {
			isa = PBXContainerItemProxy;
			containerPortal = 63F68295306B92B300298C1C /* Project object */;
			proxyType = 1;
			remoteGlobalIDString = 5EA7C0DE0000000000000007;
			remoteInfo = PepperWatchWatchApp;
		};
/* End PBXContainerItemProxy section */

/* Begin PBXCopyFilesBuildPhase section */
		5EA7C0DE000000000000000B /* Embed Watch Content */ = {
			isa = PBXCopyFilesBuildPhase;
			dstPath = "$(CONTENTS_FOLDER_PATH)/Watch";
			dstSubfolder = Product;
			files = (
				5EA7C0DE000000000000000C /* PepperWatchWatchApp.app in Embed Watch Content */,
			);
			name = "Embed Watch Content";
		};
		5EA7C0DE0000000000000023 /* Embed Foundation Extensions */ = {
			isa = PBXCopyFilesBuildPhase;
			dstPath = "";
			dstSubfolder = PlugIns;
			files = (
				5EA7C0DE0000000000000020 /* PepperWatchWatchWidgetsExtension.appex in Embed Foundation Extensions */,
			);
			name = "Embed Foundation Extensions";
		};
		7A11C0DE000000000000000B /* Embed Foundation Extensions */ = {
			isa = PBXCopyFilesBuildPhase;
			dstPath = "";
			dstSubfolder = PlugIns;
			files = (
				7A11C0DE000000000000000C /* PepperWatchWidgetsExtension.appex in Embed Foundation Extensions */,
			);
			name = "Embed Foundation Extensions";
		};
/* End PBXCopyFilesBuildPhase section */

/* Begin PBXFileReference section */
		7E57C0DE0000000000000201 /* PepperWatchUITests.xctest */ = {isa = PBXFileReference; explicitFileType = wrapper.cfbundle; includeInIndex = 0; path = PepperWatchUITests.xctest; sourceTree = BUILT_PRODUCTS_DIR; };
		5EA7C0DE0000000000000001 /* PepperWatchWatchApp.app */ = {isa = PBXFileReference; explicitFileType = wrapper.application; includeInIndex = 0; path = PepperWatchWatchApp.app; sourceTree = BUILT_PRODUCTS_DIR; };
		5EA7C0DE0000000000000021 /* PepperWatchWatchWidgetsExtension.appex */ = {isa = PBXFileReference; explicitFileType = "wrapper.app-extension"; includeInIndex = 0; path = PepperWatchWatchWidgetsExtension.appex; sourceTree = BUILT_PRODUCTS_DIR; };
		63F6829D306B92B300298C1C /* Pepper Watch.app */ = {isa = PBXFileReference; explicitFileType = wrapper.application; includeInIndex = 0; path = "Pepper Watch.app"; sourceTree = BUILT_PRODUCTS_DIR; };
		7A11C0DE0000000000000001 /* PepperWatchWidgetsExtension.appex */ = {isa = PBXFileReference; explicitFileType = "wrapper.app-extension"; includeInIndex = 0; path = PepperWatchWidgetsExtension.appex; sourceTree = BUILT_PRODUCTS_DIR; };
		7E57C0DE0000000000000001 /* PepperWatchTests.xctest */ = {isa = PBXFileReference; explicitFileType = wrapper.cfbundle; includeInIndex = 0; path = PepperWatchTests.xctest; sourceTree = BUILT_PRODUCTS_DIR; };
		7E57C0DE0000000000000101 /* PepperWatchWatchTests.xctest */ = {isa = PBXFileReference; explicitFileType = wrapper.cfbundle; includeInIndex = 0; path = PepperWatchWatchTests.xctest; sourceTree = BUILT_PRODUCTS_DIR; };
/* End PBXFileReference section */

/* Begin PBXFileSystemSynchronizedBuildFileExceptionSet section */
		5EA7C0DE0000000000000003 /* Exceptions for "Shared" folder in "PepperWatchWatchApp" target */ = {
			isa = PBXFileSystemSynchronizedBuildFileExceptionSet;
			membershipExceptions = (
				WidgetIntents.swift,
				WidgetViews.swift,
			);
			target = 5EA7C0DE0000000000000007 /* PepperWatchWatchApp */;
		};
		5EA7C0DE0000000000000024 /* Exceptions for "Shared" folder in "PepperWatchWatchWidgetsExtension" target */ = {
			isa = PBXFileSystemSynchronizedBuildFileExceptionSet;
			membershipExceptions = (
				WidgetIntents.swift,
				WidgetViews.swift,
			);
			target = 5EA7C0DE0000000000000027 /* PepperWatchWatchWidgetsExtension */;
		};
/* End PBXFileSystemSynchronizedBuildFileExceptionSet section */

/* Begin PBXFileSystemSynchronizedRootGroup section */
		7E57C0DE0000000000000202 /* PepperWatchUITests */ = {
			isa = PBXFileSystemSynchronizedRootGroup;
			path = PepperWatchUITests;
			sourceTree = "<group>";
		};
		5EA7C0DE0000000000000002 /* PepperWatchWatchApp */ = {
			isa = PBXFileSystemSynchronizedRootGroup;
			path = PepperWatchWatchApp;
			sourceTree = "<group>";
		};
		5EA7C0DE0000000000000010 /* WatchShared */ = {
			isa = PBXFileSystemSynchronizedRootGroup;
			path = WatchShared;
			sourceTree = "<group>";
		};
		5EA7C0DE0000000000000025 /* PepperWatchWatchWidgets */ = {
			isa = PBXFileSystemSynchronizedRootGroup;
			path = PepperWatchWatchWidgets;
			sourceTree = "<group>";
		};
		63F6829F306B92B300298C1C /* Pepper Watch */ = {
			isa = PBXFileSystemSynchronizedRootGroup;
			path = "Pepper Watch";
			sourceTree = "<group>";
		};
		7A11C0DE0000000000000002 /* PepperWatchWidgets */ = {
			isa = PBXFileSystemSynchronizedRootGroup;
			path = PepperWatchWidgets;
			sourceTree = "<group>";
		};
		7A11C0DE0000000000000003 /* Shared */ = {
			isa = PBXFileSystemSynchronizedRootGroup;
			exceptions = (
				5EA7C0DE0000000000000003 /* Exceptions for "Shared" folder in "PepperWatchWatchApp" target */,
				5EA7C0DE0000000000000024 /* Exceptions for "Shared" folder in "PepperWatchWatchWidgetsExtension" target */,
			);
			path = Shared;
			sourceTree = "<group>";
		};
		7E57C0DE0000000000000002 /* PepperWatchTests */ = {
			isa = PBXFileSystemSynchronizedRootGroup;
			path = PepperWatchTests;
			sourceTree = "<group>";
		};
		7E57C0DE0000000000000102 /* PepperWatchWatchTests */ = {
			isa = PBXFileSystemSynchronizedRootGroup;
			path = PepperWatchWatchTests;
			sourceTree = "<group>";
		};
/* End PBXFileSystemSynchronizedRootGroup section */

/* Begin PBXFrameworksBuildPhase section */
		7E57C0DE0000000000000204 /* Frameworks */ = {
			isa = PBXFrameworksBuildPhase;
			buildActionMask = 2147483647;
			files = (
			);
			runOnlyForDeploymentPostprocessing = 0;
		};
		5EA7C0DE0000000000000005 /* Frameworks */ = {
			isa = PBXFrameworksBuildPhase;
			files = (
			);
		};
		5EA7C0DE0000000000000026 /* Frameworks */ = {
			isa = PBXFrameworksBuildPhase;
			files = (
			);
		};
		63F6829A306B92B300298C1C /* Frameworks */ = {
			isa = PBXFrameworksBuildPhase;
			files = (
			);
		};
		7A11C0DE0000000000000005 /* Frameworks */ = {
			isa = PBXFrameworksBuildPhase;
			files = (
			);
		};
		7E57C0DE0000000000000004 /* Frameworks */ = {
			isa = PBXFrameworksBuildPhase;
			files = (
			);
		};
		7E57C0DE0000000000000104 /* Frameworks */ = {
			isa = PBXFrameworksBuildPhase;
			files = (
			);
		};
/* End PBXFrameworksBuildPhase section */

/* Begin PBXGroup section */
		63F68294306B92B300298C1C = {
			isa = PBXGroup;
			children = (
				63F6829F306B92B300298C1C /* Pepper Watch */,
				7A11C0DE0000000000000003 /* Shared */,
				7A11C0DE0000000000000002 /* PepperWatchWidgets */,
				5EA7C0DE0000000000000002 /* PepperWatchWatchApp */,
				5EA7C0DE0000000000000025 /* PepperWatchWatchWidgets */,
				5EA7C0DE0000000000000010 /* WatchShared */,
				7E57C0DE0000000000000002 /* PepperWatchTests */,
				7E57C0DE0000000000000102 /* PepperWatchWatchTests */,
				7E57C0DE0000000000000202 /* PepperWatchUITests */,
				63F6829E306B92B300298C1C /* Products */,
			);
			sourceTree = "<group>";
		};
		63F6829E306B92B300298C1C /* Products */ = {
			isa = PBXGroup;
			children = (
				63F6829D306B92B300298C1C /* Pepper Watch.app */,
				7A11C0DE0000000000000001 /* PepperWatchWidgetsExtension.appex */,
				5EA7C0DE0000000000000001 /* PepperWatchWatchApp.app */,
				5EA7C0DE0000000000000021 /* PepperWatchWatchWidgetsExtension.appex */,
				7E57C0DE0000000000000001 /* PepperWatchTests.xctest */,
				7E57C0DE0000000000000101 /* PepperWatchWatchTests.xctest */,
				7E57C0DE0000000000000201 /* PepperWatchUITests.xctest */,
			);
			name = Products;
			sourceTree = "<group>";
		};
/* End PBXGroup section */

/* Begin PBXNativeTarget section */
		7E57C0DE0000000000000208 /* PepperWatchUITests */ = {
			isa = PBXNativeTarget;
			buildConfigurationList = 7E57C0DE0000000000000209 /* Build configuration list for PBXNativeTarget "PepperWatchUITests" */;
			buildPhases = (
				7E57C0DE0000000000000203 /* Sources */,
				7E57C0DE0000000000000204 /* Frameworks */,
				7E57C0DE0000000000000205 /* Resources */,
			);
			buildRules = (
			);
			dependencies = (
				7E57C0DE0000000000000207 /* PBXTargetDependency */,
			);
			fileSystemSynchronizedGroups = (
				7E57C0DE0000000000000202 /* PepperWatchUITests */,
			);
			name = PepperWatchUITests;
			productName = PepperWatchUITests;
			productReference = 7E57C0DE0000000000000201 /* PepperWatchUITests.xctest */;
			productType = "com.apple.product-type.bundle.ui-testing";
		};
		5EA7C0DE0000000000000007 /* PepperWatchWatchApp */ = {
			isa = PBXNativeTarget;
			buildConfigurationList = 5EA7C0DE000000000000000A /* Build configuration list for PBXNativeTarget "PepperWatchWatchApp" */;
			buildPhases = (
				5EA7C0DE0000000000000004 /* Sources */,
				5EA7C0DE0000000000000005 /* Frameworks */,
				5EA7C0DE0000000000000006 /* Resources */,
				5EA7C0DE0000000000000023 /* Embed Foundation Extensions */,
			);
			buildRules = (
			);
			dependencies = (
				5EA7C0DE000000000000002D /* PBXTargetDependency */,
			);
			fileSystemSynchronizedGroups = (
				5EA7C0DE0000000000000002 /* PepperWatchWatchApp */,
				5EA7C0DE0000000000000010 /* WatchShared */,
				7A11C0DE0000000000000003 /* Shared */,
			);
			name = PepperWatchWatchApp;
			productName = PepperWatchWatchApp;
			productReference = 5EA7C0DE0000000000000001 /* PepperWatchWatchApp.app */;
			productType = "com.apple.product-type.application";
		};
		5EA7C0DE0000000000000027 /* PepperWatchWatchWidgetsExtension */ = {
			isa = PBXNativeTarget;
			buildConfigurationList = 5EA7C0DE000000000000002C /* Build configuration list for PBXNativeTarget "PepperWatchWatchWidgetsExtension" */;
			buildPhases = (
				5EA7C0DE0000000000000028 /* Sources */,
				5EA7C0DE0000000000000026 /* Frameworks */,
				5EA7C0DE0000000000000029 /* Resources */,
			);
			buildRules = (
			);
			fileSystemSynchronizedGroups = (
				5EA7C0DE0000000000000010 /* WatchShared */,
				5EA7C0DE0000000000000025 /* PepperWatchWatchWidgets */,
				7A11C0DE0000000000000003 /* Shared */,
			);
			name = PepperWatchWatchWidgetsExtension;
			productName = PepperWatchWatchWidgetsExtension;
			productReference = 5EA7C0DE0000000000000021 /* PepperWatchWatchWidgetsExtension.appex */;
			productType = "com.apple.product-type.app-extension";
		};
		63F6829C306B92B300298C1C /* Pepper Watch */ = {
			isa = PBXNativeTarget;
			buildConfigurationList = 63F682A8306B92B400298C1C /* Build configuration list for PBXNativeTarget "Pepper Watch" */;
			buildPhases = (
				63F68299306B92B300298C1C /* Sources */,
				63F6829A306B92B300298C1C /* Frameworks */,
				63F6829B306B92B300298C1C /* Resources */,
				7A11C0DE000000000000000B /* Embed Foundation Extensions */,
				5EA7C0DE000000000000000B /* Embed Watch Content */,
			);
			buildRules = (
			);
			dependencies = (
				7A11C0DE000000000000000E /* PBXTargetDependency */,
				5EA7C0DE000000000000000E /* PBXTargetDependency */,
			);
			fileSystemSynchronizedGroups = (
				63F6829F306B92B300298C1C /* Pepper Watch */,
				7A11C0DE0000000000000003 /* Shared */,
			);
			name = "Pepper Watch";
			productName = "Pepper Watch";
			productReference = 63F6829D306B92B300298C1C /* Pepper Watch.app */;
			productType = "com.apple.product-type.application";
		};
		7A11C0DE0000000000000007 /* PepperWatchWidgetsExtension */ = {
			isa = PBXNativeTarget;
			buildConfigurationList = 7A11C0DE000000000000000A /* Build configuration list for PBXNativeTarget "PepperWatchWidgetsExtension" */;
			buildPhases = (
				7A11C0DE0000000000000004 /* Sources */,
				7A11C0DE0000000000000005 /* Frameworks */,
				7A11C0DE0000000000000006 /* Resources */,
			);
			buildRules = (
			);
			fileSystemSynchronizedGroups = (
				7A11C0DE0000000000000002 /* PepperWatchWidgets */,
				7A11C0DE0000000000000003 /* Shared */,
			);
			name = PepperWatchWidgetsExtension;
			productName = PepperWatchWidgetsExtension;
			productReference = 7A11C0DE0000000000000001 /* PepperWatchWidgetsExtension.appex */;
			productType = "com.apple.product-type.app-extension";
		};
		7E57C0DE0000000000000008 /* PepperWatchTests */ = {
			isa = PBXNativeTarget;
			buildConfigurationList = 7E57C0DE0000000000000009 /* Build configuration list for PBXNativeTarget "PepperWatchTests" */;
			buildPhases = (
				7E57C0DE0000000000000003 /* Sources */,
				7E57C0DE0000000000000004 /* Frameworks */,
				7E57C0DE0000000000000005 /* Resources */,
			);
			buildRules = (
			);
			dependencies = (
				7E57C0DE0000000000000007 /* PBXTargetDependency */,
			);
			fileSystemSynchronizedGroups = (
				7E57C0DE0000000000000002 /* PepperWatchTests */,
			);
			name = PepperWatchTests;
			productName = PepperWatchTests;
			productReference = 7E57C0DE0000000000000001 /* PepperWatchTests.xctest */;
			productType = "com.apple.product-type.bundle.unit-test";
		};
		7E57C0DE0000000000000108 /* PepperWatchWatchTests */ = {
			isa = PBXNativeTarget;
			buildConfigurationList = 7E57C0DE0000000000000109 /* Build configuration list for PBXNativeTarget "PepperWatchWatchTests" */;
			buildPhases = (
				7E57C0DE0000000000000103 /* Sources */,
				7E57C0DE0000000000000104 /* Frameworks */,
				7E57C0DE0000000000000105 /* Resources */,
			);
			buildRules = (
			);
			dependencies = (
				7E57C0DE0000000000000107 /* PBXTargetDependency */,
			);
			fileSystemSynchronizedGroups = (
				7E57C0DE0000000000000102 /* PepperWatchWatchTests */,
			);
			name = PepperWatchWatchTests;
			productName = PepperWatchWatchTests;
			productReference = 7E57C0DE0000000000000101 /* PepperWatchWatchTests.xctest */;
			productType = "com.apple.product-type.bundle.unit-test";
		};
/* End PBXNativeTarget section */

/* Begin PBXProject section */
		63F68295306B92B300298C1C /* Project object */ = {
			isa = PBXProject;
			attributes = {
				BuildIndependentTargetsInParallel = 1;
				LastSwiftUpdateCheck = 2700;
				LastUpgradeCheck = 2700;
				TargetAttributes = {
					7E57C0DE0000000000000208 = {
						CreatedOnToolsVersion = 27.0;
						TestTargetID = 63F6829C306B92B300298C1C;
					};
					5EA7C0DE0000000000000007 = {
						CreatedOnToolsVersion = 27.0;
					};
					5EA7C0DE0000000000000027 = {
						CreatedOnToolsVersion = 27.0;
					};
					63F6829C306B92B300298C1C = {
						CreatedOnToolsVersion = 27.0;
					};
					7A11C0DE0000000000000007 = {
						CreatedOnToolsVersion = 27.0;
					};
					7E57C0DE0000000000000008 = {
						CreatedOnToolsVersion = 27.0;
						TestTargetID = 63F6829C306B92B300298C1C;
					};
					7E57C0DE0000000000000108 = {
						CreatedOnToolsVersion = 27.0;
						TestTargetID = 5EA7C0DE0000000000000007;
					};
				};
			};
			buildConfigurationList = 63F68298306B92B300298C1C /* Build configuration list for PBXProject "Pepper Watch" */;
			developmentRegion = en;
			hasScannedForEncodings = 0;
			knownRegions = (
				en,
				Base,
			);
			mainGroup = 63F68294306B92B300298C1C;
			minimizedProjectReferenceProxies = 1;
			preferredProjectObjectVersion = 77;
			productRefGroup = 63F6829E306B92B300298C1C /* Products */;
			projectDirPath = "";
			projectRoot = "";
			targets = (
				63F6829C306B92B300298C1C /* Pepper Watch */,
				7A11C0DE0000000000000007 /* PepperWatchWidgetsExtension */,
				5EA7C0DE0000000000000007 /* PepperWatchWatchApp */,
				5EA7C0DE0000000000000027 /* PepperWatchWatchWidgetsExtension */,
				7E57C0DE0000000000000008 /* PepperWatchTests */,
				7E57C0DE0000000000000108 /* PepperWatchWatchTests */,
				7E57C0DE0000000000000208 /* PepperWatchUITests */,
			);
		};
/* End PBXProject section */

/* Begin PBXResourcesBuildPhase section */
		7E57C0DE0000000000000205 /* Resources */ = {
			isa = PBXResourcesBuildPhase;
			buildActionMask = 2147483647;
			files = (
			);
			runOnlyForDeploymentPostprocessing = 0;
		};
		5EA7C0DE0000000000000006 /* Resources */ = {
			isa = PBXResourcesBuildPhase;
			files = (
			);
		};
		5EA7C0DE0000000000000029 /* Resources */ = {
			isa = PBXResourcesBuildPhase;
			files = (
			);
		};
		63F6829B306B92B300298C1C /* Resources */ = {
			isa = PBXResourcesBuildPhase;
			files = (
			);
		};
		7A11C0DE0000000000000006 /* Resources */ = {
			isa = PBXResourcesBuildPhase;
			files = (
			);
		};
		7E57C0DE0000000000000005 /* Resources */ = {
			isa = PBXResourcesBuildPhase;
			files = (
			);
		};
		7E57C0DE0000000000000105 /* Resources */ = {
			isa = PBXResourcesBuildPhase;
			files = (
			);
		};
/* End PBXResourcesBuildPhase section */

/* Begin PBXSourcesBuildPhase section */
		7E57C0DE0000000000000203 /* Sources */ = {
			isa = PBXSourcesBuildPhase;
			buildActionMask = 2147483647;
			files = (
			);
			runOnlyForDeploymentPostprocessing = 0;
		};
		5EA7C0DE0000000000000004 /* Sources */ = {
			isa = PBXSourcesBuildPhase;
			files = (
			);
		};
		5EA7C0DE0000000000000028 /* Sources */ = {
			isa = PBXSourcesBuildPhase;
			files = (
			);
		};
		63F68299306B92B300298C1C /* Sources */ = {
			isa = PBXSourcesBuildPhase;
			files = (
			);
		};
		7A11C0DE0000000000000004 /* Sources */ = {
			isa = PBXSourcesBuildPhase;
			files = (
			);
		};
		7E57C0DE0000000000000003 /* Sources */ = {
			isa = PBXSourcesBuildPhase;
			files = (
			);
		};
		7E57C0DE0000000000000103 /* Sources */ = {
			isa = PBXSourcesBuildPhase;
			files = (
			);
		};
/* End PBXSourcesBuildPhase section */

/* Begin PBXTargetDependency section */
		7E57C0DE0000000000000207 /* PBXTargetDependency */ = {
			isa = PBXTargetDependency;
			target = 63F6829C306B92B300298C1C /* Pepper Watch */;
			targetProxy = 7E57C0DE0000000000000206 /* PBXContainerItemProxy */;
		};
		5EA7C0DE000000000000000E /* PBXTargetDependency */ = {
			isa = PBXTargetDependency;
			target = 5EA7C0DE0000000000000007 /* PepperWatchWatchApp */;
			targetProxy = 5EA7C0DE000000000000000D /* PBXContainerItemProxy */;
		};
		5EA7C0DE000000000000002D /* PBXTargetDependency */ = {
			isa = PBXTargetDependency;
			target = 5EA7C0DE0000000000000027 /* PepperWatchWatchWidgetsExtension */;
			targetProxy = 5EA7C0DE0000000000000022 /* PBXContainerItemProxy */;
		};
		7A11C0DE000000000000000E /* PBXTargetDependency */ = {
			isa = PBXTargetDependency;
			target = 7A11C0DE0000000000000007 /* PepperWatchWidgetsExtension */;
			targetProxy = 7A11C0DE000000000000000D /* PBXContainerItemProxy */;
		};
		7E57C0DE0000000000000007 /* PBXTargetDependency */ = {
			isa = PBXTargetDependency;
			target = 63F6829C306B92B300298C1C /* Pepper Watch */;
			targetProxy = 7E57C0DE0000000000000006 /* PBXContainerItemProxy */;
		};
		7E57C0DE0000000000000107 /* PBXTargetDependency */ = {
			isa = PBXTargetDependency;
			target = 5EA7C0DE0000000000000007 /* PepperWatchWatchApp */;
			targetProxy = 7E57C0DE0000000000000106 /* PBXContainerItemProxy */;
		};
/* End PBXTargetDependency section */

/* Begin XCBuildConfiguration section */
		7E57C0DE000000000000020A /* Debug configuration for PBXNativeTarget "PepperWatchUITests" */ = {
			isa = XCBuildConfiguration;
			buildSettings = {
				CODE_SIGN_STYLE = Automatic;
				CURRENT_PROJECT_VERSION = 1;
				DEVELOPMENT_TEAM = NSA2PC5U28;
				GENERATE_INFOPLIST_FILE = YES;
				IPHONEOS_DEPLOYMENT_TARGET = 27.0;
				MARKETING_VERSION = 1.0;
				PRODUCT_BUNDLE_IDENTIFIER = "com.tristanlistanco.Pepper-Watch.UITests";
				PRODUCT_NAME = "$(TARGET_NAME)";
				SDKROOT = iphoneos;
				SUPPORTED_PLATFORMS = "iphoneos iphonesimulator";
				SWIFT_APPROACHABLE_CONCURRENCY = YES;
				SWIFT_EMIT_LOC_STRINGS = NO;
				SWIFT_UPCOMING_FEATURE_MEMBER_IMPORT_VISIBILITY = YES;
				SWIFT_VERSION = 5.0;
				TARGETED_DEVICE_FAMILY = "1,2";
				TEST_TARGET_NAME = "Pepper Watch";
			};
			name = Debug;
		};
		7E57C0DE000000000000020B /* Release configuration for PBXNativeTarget "PepperWatchUITests" */ = {
			isa = XCBuildConfiguration;
			buildSettings = {
				CODE_SIGN_STYLE = Automatic;
				CURRENT_PROJECT_VERSION = 1;
				DEVELOPMENT_TEAM = NSA2PC5U28;
				GENERATE_INFOPLIST_FILE = YES;
				IPHONEOS_DEPLOYMENT_TARGET = 27.0;
				MARKETING_VERSION = 1.0;
				PRODUCT_BUNDLE_IDENTIFIER = "com.tristanlistanco.Pepper-Watch.UITests";
				PRODUCT_NAME = "$(TARGET_NAME)";
				SDKROOT = iphoneos;
				SUPPORTED_PLATFORMS = "iphoneos iphonesimulator";
				SWIFT_APPROACHABLE_CONCURRENCY = YES;
				SWIFT_EMIT_LOC_STRINGS = NO;
				SWIFT_UPCOMING_FEATURE_MEMBER_IMPORT_VISIBILITY = YES;
				SWIFT_VERSION = 5.0;
				TARGETED_DEVICE_FAMILY = "1,2";
				TEST_TARGET_NAME = "Pepper Watch";
			};
			name = Release;
		};
		5EA7C0DE0000000000000008 /* Debug configuration for PBXNativeTarget "PepperWatchWatchApp" */ = {
			isa = XCBuildConfiguration;
			buildSettings = {
				ASSETCATALOG_COMPILER_APPICON_NAME = AppIcon;
				ASSETCATALOG_COMPILER_GLOBAL_ACCENT_COLOR_NAME = AccentColor;
				CODE_SIGN_ENTITLEMENTS = PepperWatchWatchApp.entitlements;
				CODE_SIGN_STYLE = Automatic;
				CURRENT_PROJECT_VERSION = 1;
				DEVELOPMENT_TEAM = NSA2PC5U28;
				ENABLE_PREVIEWS = YES;
				GENERATE_INFOPLIST_FILE = YES;
				INFOPLIST_FILE = "PepperWatchWatchApp-Info.plist";
				INFOPLIST_KEY_CFBundleDisplayName = "Pepper Watch";
				INFOPLIST_KEY_NSLocationWhenInUseUsageDescription = "Pepper Watch uses your location so the Smart Stack can show a field's status when you arrive at it.";
				INFOPLIST_KEY_UISupportedInterfaceOrientations = "UIInterfaceOrientationPortrait UIInterfaceOrientationPortraitUpsideDown";
				INFOPLIST_KEY_WKCompanionAppBundleIdentifier = "com.tristanlistanco.Pepper-Watch";
				LD_RUNPATH_SEARCH_PATHS = (
					"$(inherited)",
					"@executable_path/Frameworks",
				);
				MARKETING_VERSION = 1.0;
				PRODUCT_BUNDLE_IDENTIFIER = "com.tristanlistanco.Pepper-Watch.watchkitapp";
				PRODUCT_NAME = "$(TARGET_NAME)";
				REGISTER_APP_GROUPS = YES;
				SDKROOT = watchos;
				SKIP_INSTALL = YES;
				SWIFT_APPROACHABLE_CONCURRENCY = YES;
				SWIFT_DEFAULT_ACTOR_ISOLATION = MainActor;
				SWIFT_EMIT_LOC_STRINGS = YES;
				SWIFT_UPCOMING_FEATURE_MEMBER_IMPORT_VISIBILITY = YES;
				SWIFT_VERSION = 5.0;
				TARGETED_DEVICE_FAMILY = 4;
				WATCHOS_DEPLOYMENT_TARGET = 27.0;
			};
			name = Debug;
		};
		5EA7C0DE0000000000000009 /* Release configuration for PBXNativeTarget "PepperWatchWatchApp" */ = {
			isa = XCBuildConfiguration;
			buildSettings = {
				ASSETCATALOG_COMPILER_APPICON_NAME = AppIcon;
				ASSETCATALOG_COMPILER_GLOBAL_ACCENT_COLOR_NAME = AccentColor;
				CODE_SIGN_ENTITLEMENTS = PepperWatchWatchApp.entitlements;
				CODE_SIGN_STYLE = Automatic;
				CURRENT_PROJECT_VERSION = 1;
				DEVELOPMENT_TEAM = NSA2PC5U28;
				ENABLE_PREVIEWS = YES;
				GENERATE_INFOPLIST_FILE = YES;
				INFOPLIST_FILE = "PepperWatchWatchApp-Info.plist";
				INFOPLIST_KEY_CFBundleDisplayName = "Pepper Watch";
				INFOPLIST_KEY_NSLocationWhenInUseUsageDescription = "Pepper Watch uses your location so the Smart Stack can show a field's status when you arrive at it.";
				INFOPLIST_KEY_UISupportedInterfaceOrientations = "UIInterfaceOrientationPortrait UIInterfaceOrientationPortraitUpsideDown";
				INFOPLIST_KEY_WKCompanionAppBundleIdentifier = "com.tristanlistanco.Pepper-Watch";
				LD_RUNPATH_SEARCH_PATHS = (
					"$(inherited)",
					"@executable_path/Frameworks",
				);
				MARKETING_VERSION = 1.0;
				PRODUCT_BUNDLE_IDENTIFIER = "com.tristanlistanco.Pepper-Watch.watchkitapp";
				PRODUCT_NAME = "$(TARGET_NAME)";
				REGISTER_APP_GROUPS = YES;
				SDKROOT = watchos;
				SKIP_INSTALL = YES;
				SWIFT_APPROACHABLE_CONCURRENCY = YES;
				SWIFT_DEFAULT_ACTOR_ISOLATION = MainActor;
				SWIFT_EMIT_LOC_STRINGS = YES;
				SWIFT_UPCOMING_FEATURE_MEMBER_IMPORT_VISIBILITY = YES;
				SWIFT_VERSION = 5.0;
				TARGETED_DEVICE_FAMILY = 4;
				WATCHOS_DEPLOYMENT_TARGET = 27.0;
			};
			name = Release;
		};
		5EA7C0DE000000000000002A /* Debug configuration for PBXNativeTarget "PepperWatchWatchWidgetsExtension" */ = {
			isa = XCBuildConfiguration;
			buildSettings = {
				CODE_SIGN_ENTITLEMENTS = PepperWatchWatchWidgets.entitlements;
				CODE_SIGN_STYLE = Automatic;
				CURRENT_PROJECT_VERSION = 1;
				DEVELOPMENT_TEAM = NSA2PC5U28;
				GENERATE_INFOPLIST_FILE = YES;
				INFOPLIST_FILE = "PepperWatchWatchWidgets-Info.plist";
				INFOPLIST_KEY_CFBundleDisplayName = "Pepper Watch";
				INFOPLIST_KEY_NSHumanReadableCopyright = "";
				LD_RUNPATH_SEARCH_PATHS = (
					"$(inherited)",
					"@executable_path/Frameworks",
					"@executable_path/../../Frameworks",
				);
				MARKETING_VERSION = 1.0;
				PRODUCT_BUNDLE_IDENTIFIER = "com.tristanlistanco.Pepper-Watch.watchkitapp.Widgets";
				PRODUCT_NAME = "$(TARGET_NAME)";
				REGISTER_APP_GROUPS = YES;
				SDKROOT = watchos;
				SKIP_INSTALL = YES;
				SWIFT_APPROACHABLE_CONCURRENCY = YES;
				SWIFT_EMIT_LOC_STRINGS = YES;
				SWIFT_UPCOMING_FEATURE_MEMBER_IMPORT_VISIBILITY = YES;
				SWIFT_VERSION = 5.0;
				TARGETED_DEVICE_FAMILY = 4;
				WATCHOS_DEPLOYMENT_TARGET = 27.0;
			};
			name = Debug;
		};
		5EA7C0DE000000000000002B /* Release configuration for PBXNativeTarget "PepperWatchWatchWidgetsExtension" */ = {
			isa = XCBuildConfiguration;
			buildSettings = {
				CODE_SIGN_ENTITLEMENTS = PepperWatchWatchWidgets.entitlements;
				CODE_SIGN_STYLE = Automatic;
				CURRENT_PROJECT_VERSION = 1;
				DEVELOPMENT_TEAM = NSA2PC5U28;
				GENERATE_INFOPLIST_FILE = YES;
				INFOPLIST_FILE = "PepperWatchWatchWidgets-Info.plist";
				INFOPLIST_KEY_CFBundleDisplayName = "Pepper Watch";
				INFOPLIST_KEY_NSHumanReadableCopyright = "";
				LD_RUNPATH_SEARCH_PATHS = (
					"$(inherited)",
					"@executable_path/Frameworks",
					"@executable_path/../../Frameworks",
				);
				MARKETING_VERSION = 1.0;
				PRODUCT_BUNDLE_IDENTIFIER = "com.tristanlistanco.Pepper-Watch.watchkitapp.Widgets";
				PRODUCT_NAME = "$(TARGET_NAME)";
				REGISTER_APP_GROUPS = YES;
				SDKROOT = watchos;
				SKIP_INSTALL = YES;
				SWIFT_APPROACHABLE_CONCURRENCY = YES;
				SWIFT_EMIT_LOC_STRINGS = YES;
				SWIFT_UPCOMING_FEATURE_MEMBER_IMPORT_VISIBILITY = YES;
				SWIFT_VERSION = 5.0;
				TARGETED_DEVICE_FAMILY = 4;
				WATCHOS_DEPLOYMENT_TARGET = 27.0;
			};
			name = Release;
		};
		63F682A6306B92B400298C1C /* Debug configuration for PBXProject "Pepper Watch" */ = {
			isa = XCBuildConfiguration;
			buildSettings = {
				ALWAYS_SEARCH_USER_PATHS = NO;
				ASSETCATALOG_COMPILER_GENERATE_SWIFT_ASSET_SYMBOL_EXTENSIONS = YES;
				CLANG_ANALYZER_NONNULL = YES;
				CLANG_ANALYZER_NUMBER_OBJECT_CONVERSION = YES_AGGRESSIVE;
				CLANG_CXX_LANGUAGE_STANDARD = "gnu++20";
				CLANG_ENABLE_MODULES = YES;
				CLANG_ENABLE_OBJC_ARC = YES;
				CLANG_ENABLE_OBJC_WEAK = YES;
				CLANG_WARN_BLOCK_CAPTURE_AUTORELEASING = YES;
				CLANG_WARN_BOOL_CONVERSION = YES;
				CLANG_WARN_COMMA = YES;
				CLANG_WARN_CONSTANT_CONVERSION = YES;
				CLANG_WARN_DEPRECATED_OBJC_IMPLEMENTATIONS = YES;
				CLANG_WARN_DIRECT_OBJC_ISA_USAGE = YES_ERROR;
				CLANG_WARN_DOCUMENTATION_COMMENTS = YES;
				CLANG_WARN_EMPTY_BODY = YES;
				CLANG_WARN_ENUM_CONVERSION = YES;
				CLANG_WARN_INFINITE_RECURSION = YES;
				CLANG_WARN_INT_CONVERSION = YES;
				CLANG_WARN_NON_LITERAL_NULL_CONVERSION = YES;
				CLANG_WARN_OBJC_IMPLICIT_RETAIN_SELF = YES;
				CLANG_WARN_OBJC_LITERAL_CONVERSION = YES;
				CLANG_WARN_OBJC_ROOT_CLASS = YES_ERROR;
				CLANG_WARN_QUOTED_INCLUDE_IN_FRAMEWORK_HEADER = YES;
				CLANG_WARN_RANGE_LOOP_ANALYSIS = YES;
				CLANG_WARN_STRICT_PROTOTYPES = YES;
				CLANG_WARN_SUSPICIOUS_MOVE = YES;
				CLANG_WARN_UNGUARDED_AVAILABILITY = YES_AGGRESSIVE;
				CLANG_WARN_UNREACHABLE_CODE = YES;
				CLANG_WARN__DUPLICATE_METHOD_MATCH = YES;
				COPY_PHASE_STRIP = NO;
				DEBUG_INFORMATION_FORMAT = dwarf;
				DEVELOPMENT_TEAM = NSA2PC5U28;
				ENABLE_STRICT_OBJC_MSGSEND = YES;
				ENABLE_TESTABILITY = YES;
				ENABLE_USER_SCRIPT_SANDBOXING = YES;
				GCC_C_LANGUAGE_STANDARD = gnu17;
				GCC_DYNAMIC_NO_PIC = NO;
				GCC_NO_COMMON_BLOCKS = YES;
				GCC_OPTIMIZATION_LEVEL = 0;
				GCC_PREPROCESSOR_DEFINITIONS = (
					"DEBUG=1",
					"$(inherited)",
				);
				GCC_WARN_64_TO_32_BIT_CONVERSION = YES;
				GCC_WARN_ABOUT_RETURN_TYPE = YES_ERROR;
				GCC_WARN_UNDECLARED_SELECTOR = YES;
				GCC_WARN_UNINITIALIZED_AUTOS = YES_AGGRESSIVE;
				GCC_WARN_UNUSED_FUNCTION = YES;
				GCC_WARN_UNUSED_VARIABLE = YES;
				LOCALIZATION_PREFERS_STRING_CATALOGS = YES;
				MTL_ENABLE_DEBUG_INFO = INCLUDE_SOURCE;
				MTL_FAST_MATH = YES;
				ONLY_ACTIVE_ARCH = YES;
				SWIFT_ACTIVE_COMPILATION_CONDITIONS = "DEBUG $(inherited)";
				SWIFT_OPTIMIZATION_LEVEL = "-Onone";
			};
			name = Debug;
		};
		63F682A7306B92B400298C1C /* Release configuration for PBXProject "Pepper Watch" */ = {
			isa = XCBuildConfiguration;
			buildSettings = {
				ALWAYS_SEARCH_USER_PATHS = NO;
				ASSETCATALOG_COMPILER_GENERATE_SWIFT_ASSET_SYMBOL_EXTENSIONS = YES;
				CLANG_ANALYZER_NONNULL = YES;
				CLANG_ANALYZER_NUMBER_OBJECT_CONVERSION = YES_AGGRESSIVE;
				CLANG_CXX_LANGUAGE_STANDARD = "gnu++20";
				CLANG_ENABLE_MODULES = YES;
				CLANG_ENABLE_OBJC_ARC = YES;
				CLANG_ENABLE_OBJC_WEAK = YES;
				CLANG_WARN_BLOCK_CAPTURE_AUTORELEASING = YES;
				CLANG_WARN_BOOL_CONVERSION = YES;
				CLANG_WARN_COMMA = YES;
				CLANG_WARN_CONSTANT_CONVERSION = YES;
				CLANG_WARN_DEPRECATED_OBJC_IMPLEMENTATIONS = YES;
				CLANG_WARN_DIRECT_OBJC_ISA_USAGE = YES_ERROR;
				CLANG_WARN_DOCUMENTATION_COMMENTS = YES;
				CLANG_WARN_EMPTY_BODY = YES;
				CLANG_WARN_ENUM_CONVERSION = YES;
				CLANG_WARN_INFINITE_RECURSION = YES;
				CLANG_WARN_INT_CONVERSION = YES;
				CLANG_WARN_NON_LITERAL_NULL_CONVERSION = YES;
				CLANG_WARN_OBJC_IMPLICIT_RETAIN_SELF = YES;
				CLANG_WARN_OBJC_LITERAL_CONVERSION = YES;
				CLANG_WARN_OBJC_ROOT_CLASS = YES_ERROR;
				CLANG_WARN_QUOTED_INCLUDE_IN_FRAMEWORK_HEADER = YES;
				CLANG_WARN_RANGE_LOOP_ANALYSIS = YES;
				CLANG_WARN_STRICT_PROTOTYPES = YES;
				CLANG_WARN_SUSPICIOUS_MOVE = YES;
				CLANG_WARN_UNGUARDED_AVAILABILITY = YES_AGGRESSIVE;
				CLANG_WARN_UNREACHABLE_CODE = YES;
				CLANG_WARN__DUPLICATE_METHOD_MATCH = YES;
				COPY_PHASE_STRIP = NO;
				DEBUG_INFORMATION_FORMAT = "dwarf-with-dsym";
				DEVELOPMENT_TEAM = NSA2PC5U28;
				ENABLE_NS_ASSERTIONS = NO;
				ENABLE_STRICT_OBJC_MSGSEND = YES;
				ENABLE_USER_SCRIPT_SANDBOXING = YES;
				GCC_C_LANGUAGE_STANDARD = gnu17;
				GCC_NO_COMMON_BLOCKS = YES;
				GCC_WARN_64_TO_32_BIT_CONVERSION = YES;
				GCC_WARN_ABOUT_RETURN_TYPE = YES_ERROR;
				GCC_WARN_UNDECLARED_SELECTOR = YES;
				GCC_WARN_UNINITIALIZED_AUTOS = YES_AGGRESSIVE;
				GCC_WARN_UNUSED_FUNCTION = YES;
				GCC_WARN_UNUSED_VARIABLE = YES;
				LOCALIZATION_PREFERS_STRING_CATALOGS = YES;
				MTL_ENABLE_DEBUG_INFO = NO;
				MTL_FAST_MATH = YES;
				SWIFT_COMPILATION_MODE = wholemodule;
			};
			name = Release;
		};
		63F682A9306B92B400298C1C /* Debug configuration for PBXNativeTarget "Pepper Watch" */ = {
			isa = XCBuildConfiguration;
			buildSettings = {
				ASSETCATALOG_COMPILER_APPICON_NAME = AppIcon;
				ASSETCATALOG_COMPILER_GLOBAL_ACCENT_COLOR_NAME = AccentColor;
				CODE_SIGN_ENTITLEMENTS = PepperWatch.entitlements;
				CODE_SIGN_STYLE = Automatic;
				COREML_CODEGEN_LANGUAGE = None;
				CURRENT_PROJECT_VERSION = 1;
				DEVELOPMENT_TEAM = NSA2PC5U28;
				ENABLE_APP_SANDBOX = YES;
				ENABLE_HARDENED_RUNTIME = YES;
				ENABLE_PREVIEWS = YES;
				ENABLE_USER_SELECTED_FILES = readonly;
				GENERATE_INFOPLIST_FILE = YES;
				INFOPLIST_FILE = "PepperWatch-Info.plist";
				INFOPLIST_KEY_CFBundleDisplayName = "Pepper Watch";
				INFOPLIST_KEY_LSApplicationCategoryType = "public.app-category.productivity";
				INFOPLIST_KEY_NSCameraUsageDescription = "Pepper Watch uses the camera to scan bell pepper leaves for aphid damage. Frames are analyzed on this device and never uploaded.";
				INFOPLIST_KEY_NSLocationWhenInUseUsageDescription = "Pepper Watch tags detections with your field location so you can map aphid hotspots. Location data stays on this device.";
				INFOPLIST_KEY_UIApplicationSceneManifest_Generation = YES;
				"INFOPLIST_KEY_UIApplicationSceneManifest_Generation[sdk=iphoneos*]" = YES;
				"INFOPLIST_KEY_UIApplicationSceneManifest_Generation[sdk=iphonesimulator*]" = YES;
				INFOPLIST_KEY_UIApplicationSupportsIndirectInputEvents = YES;
				"INFOPLIST_KEY_UIApplicationSupportsIndirectInputEvents[sdk=iphoneos*]" = YES;
				"INFOPLIST_KEY_UIApplicationSupportsIndirectInputEvents[sdk=iphonesimulator*]" = YES;
				INFOPLIST_KEY_UILaunchScreen_Generation = YES;
				"INFOPLIST_KEY_UILaunchScreen_Generation[sdk=iphoneos*]" = YES;
				"INFOPLIST_KEY_UILaunchScreen_Generation[sdk=iphonesimulator*]" = YES;
				INFOPLIST_KEY_UIStatusBarStyle = UIStatusBarStyleDefault;
				"INFOPLIST_KEY_UIStatusBarStyle[sdk=iphoneos*]" = UIStatusBarStyleDefault;
				"INFOPLIST_KEY_UIStatusBarStyle[sdk=iphonesimulator*]" = UIStatusBarStyleDefault;
				INFOPLIST_KEY_UISupportedInterfaceOrientations_iPad = "UIInterfaceOrientationPortrait UIInterfaceOrientationPortraitUpsideDown UIInterfaceOrientationLandscapeLeft UIInterfaceOrientationLandscapeRight";
				INFOPLIST_KEY_UISupportedInterfaceOrientations_iPhone = "UIInterfaceOrientationPortrait UIInterfaceOrientationLandscapeLeft UIInterfaceOrientationLandscapeRight";
				IPHONEOS_DEPLOYMENT_TARGET = 27.0;
				LD_RUNPATH_SEARCH_PATHS = "@executable_path/Frameworks";
				"LD_RUNPATH_SEARCH_PATHS[sdk=macosx*]" = "@executable_path/../Frameworks";
				MACOSX_DEPLOYMENT_TARGET = 27.0;
				MARKETING_VERSION = 1.0;
				PRODUCT_BUNDLE_IDENTIFIER = "com.tristanlistanco.Pepper-Watch";
				PRODUCT_NAME = "$(TARGET_NAME)";
				REGISTER_APP_GROUPS = YES;
				SDKROOT = iphoneos;
				STRING_CATALOG_GENERATE_SYMBOLS = YES;
				SUPPORTED_PLATFORMS = "iphoneos iphonesimulator";
				SUPPORTS_MACCATALYST = NO;
				SWIFT_APPROACHABLE_CONCURRENCY = YES;
				SWIFT_DEFAULT_ACTOR_ISOLATION = MainActor;
				SWIFT_EMIT_LOC_STRINGS = YES;
				SWIFT_UPCOMING_FEATURE_MEMBER_IMPORT_VISIBILITY = YES;
				SWIFT_VERSION = 5.0;
				TARGETED_DEVICE_FAMILY = "1,2";
				XROS_DEPLOYMENT_TARGET = 27.0;
			};
			name = Debug;
		};
		63F682AA306B92B400298C1C /* Release configuration for PBXNativeTarget "Pepper Watch" */ = {
			isa = XCBuildConfiguration;
			buildSettings = {
				ASSETCATALOG_COMPILER_APPICON_NAME = AppIcon;
				ASSETCATALOG_COMPILER_GLOBAL_ACCENT_COLOR_NAME = AccentColor;
				CODE_SIGN_ENTITLEMENTS = PepperWatch.entitlements;
				CODE_SIGN_STYLE = Automatic;
				COREML_CODEGEN_LANGUAGE = None;
				CURRENT_PROJECT_VERSION = 1;
				DEVELOPMENT_TEAM = NSA2PC5U28;
				ENABLE_APP_SANDBOX = YES;
				ENABLE_HARDENED_RUNTIME = YES;
				ENABLE_PREVIEWS = YES;
				ENABLE_USER_SELECTED_FILES = readonly;
				GENERATE_INFOPLIST_FILE = YES;
				INFOPLIST_FILE = "PepperWatch-Info.plist";
				INFOPLIST_KEY_CFBundleDisplayName = "Pepper Watch";
				INFOPLIST_KEY_LSApplicationCategoryType = "public.app-category.productivity";
				INFOPLIST_KEY_NSCameraUsageDescription = "Pepper Watch uses the camera to scan bell pepper leaves for aphid damage. Frames are analyzed on this device and never uploaded.";
				INFOPLIST_KEY_NSLocationWhenInUseUsageDescription = "Pepper Watch tags detections with your field location so you can map aphid hotspots. Location data stays on this device.";
				INFOPLIST_KEY_UIApplicationSceneManifest_Generation = YES;
				"INFOPLIST_KEY_UIApplicationSceneManifest_Generation[sdk=iphoneos*]" = YES;
				"INFOPLIST_KEY_UIApplicationSceneManifest_Generation[sdk=iphonesimulator*]" = YES;
				INFOPLIST_KEY_UIApplicationSupportsIndirectInputEvents = YES;
				"INFOPLIST_KEY_UIApplicationSupportsIndirectInputEvents[sdk=iphoneos*]" = YES;
				"INFOPLIST_KEY_UIApplicationSupportsIndirectInputEvents[sdk=iphonesimulator*]" = YES;
				INFOPLIST_KEY_UILaunchScreen_Generation = YES;
				"INFOPLIST_KEY_UILaunchScreen_Generation[sdk=iphoneos*]" = YES;
				"INFOPLIST_KEY_UILaunchScreen_Generation[sdk=iphonesimulator*]" = YES;
				INFOPLIST_KEY_UIStatusBarStyle = UIStatusBarStyleDefault;
				"INFOPLIST_KEY_UIStatusBarStyle[sdk=iphoneos*]" = UIStatusBarStyleDefault;
				"INFOPLIST_KEY_UIStatusBarStyle[sdk=iphonesimulator*]" = UIStatusBarStyleDefault;
				INFOPLIST_KEY_UISupportedInterfaceOrientations_iPad = "UIInterfaceOrientationPortrait UIInterfaceOrientationPortraitUpsideDown UIInterfaceOrientationLandscapeLeft UIInterfaceOrientationLandscapeRight";
				INFOPLIST_KEY_UISupportedInterfaceOrientations_iPhone = "UIInterfaceOrientationPortrait UIInterfaceOrientationLandscapeLeft UIInterfaceOrientationLandscapeRight";
				IPHONEOS_DEPLOYMENT_TARGET = 27.0;
				LD_RUNPATH_SEARCH_PATHS = "@executable_path/Frameworks";
				"LD_RUNPATH_SEARCH_PATHS[sdk=macosx*]" = "@executable_path/../Frameworks";
				MACOSX_DEPLOYMENT_TARGET = 27.0;
				MARKETING_VERSION = 1.0;
				PRODUCT_BUNDLE_IDENTIFIER = "com.tristanlistanco.Pepper-Watch";
				PRODUCT_NAME = "$(TARGET_NAME)";
				REGISTER_APP_GROUPS = YES;
				SDKROOT = iphoneos;
				STRING_CATALOG_GENERATE_SYMBOLS = YES;
				SUPPORTED_PLATFORMS = "iphoneos iphonesimulator";
				SUPPORTS_MACCATALYST = NO;
				SWIFT_APPROACHABLE_CONCURRENCY = YES;
				SWIFT_DEFAULT_ACTOR_ISOLATION = MainActor;
				SWIFT_EMIT_LOC_STRINGS = YES;
				SWIFT_UPCOMING_FEATURE_MEMBER_IMPORT_VISIBILITY = YES;
				SWIFT_VERSION = 5.0;
				TARGETED_DEVICE_FAMILY = "1,2";
				XROS_DEPLOYMENT_TARGET = 27.0;
			};
			name = Release;
		};
		7A11C0DE0000000000000008 /* Debug configuration for PBXNativeTarget "PepperWatchWidgetsExtension" */ = {
			isa = XCBuildConfiguration;
			buildSettings = {
				CODE_SIGN_ENTITLEMENTS = PepperWatchWidgets.entitlements;
				CODE_SIGN_STYLE = Automatic;
				CURRENT_PROJECT_VERSION = 1;
				DEVELOPMENT_TEAM = NSA2PC5U28;
				GENERATE_INFOPLIST_FILE = YES;
				INFOPLIST_FILE = "PepperWatchWidgets-Info.plist";
				INFOPLIST_KEY_CFBundleDisplayName = "Pepper Watch";
				INFOPLIST_KEY_NSHumanReadableCopyright = "";
				IPHONEOS_DEPLOYMENT_TARGET = 27.0;
				LD_RUNPATH_SEARCH_PATHS = (
					"$(inherited)",
					"@executable_path/Frameworks",
					"@executable_path/../../Frameworks",
				);
				MARKETING_VERSION = 1.0;
				PRODUCT_BUNDLE_IDENTIFIER = "com.tristanlistanco.Pepper-Watch.Widgets";
				PRODUCT_NAME = "$(TARGET_NAME)";
				SDKROOT = iphoneos;
				SKIP_INSTALL = YES;
				SUPPORTED_PLATFORMS = "iphoneos iphonesimulator";
				SUPPORTS_MACCATALYST = NO;
				SWIFT_APPROACHABLE_CONCURRENCY = YES;
				SWIFT_EMIT_LOC_STRINGS = YES;
				SWIFT_UPCOMING_FEATURE_MEMBER_IMPORT_VISIBILITY = YES;
				SWIFT_VERSION = 5.0;
				TARGETED_DEVICE_FAMILY = "1,2";
			};
			name = Debug;
		};
		7A11C0DE0000000000000009 /* Release configuration for PBXNativeTarget "PepperWatchWidgetsExtension" */ = {
			isa = XCBuildConfiguration;
			buildSettings = {
				CODE_SIGN_ENTITLEMENTS = PepperWatchWidgets.entitlements;
				CODE_SIGN_STYLE = Automatic;
				CURRENT_PROJECT_VERSION = 1;
				DEVELOPMENT_TEAM = NSA2PC5U28;
				GENERATE_INFOPLIST_FILE = YES;
				INFOPLIST_FILE = "PepperWatchWidgets-Info.plist";
				INFOPLIST_KEY_CFBundleDisplayName = "Pepper Watch";
				INFOPLIST_KEY_NSHumanReadableCopyright = "";
				IPHONEOS_DEPLOYMENT_TARGET = 27.0;
				LD_RUNPATH_SEARCH_PATHS = (
					"$(inherited)",
					"@executable_path/Frameworks",
					"@executable_path/../../Frameworks",
				);
				MARKETING_VERSION = 1.0;
				PRODUCT_BUNDLE_IDENTIFIER = "com.tristanlistanco.Pepper-Watch.Widgets";
				PRODUCT_NAME = "$(TARGET_NAME)";
				SDKROOT = iphoneos;
				SKIP_INSTALL = YES;
				SUPPORTED_PLATFORMS = "iphoneos iphonesimulator";
				SUPPORTS_MACCATALYST = NO;
				SWIFT_APPROACHABLE_CONCURRENCY = YES;
				SWIFT_EMIT_LOC_STRINGS = YES;
				SWIFT_UPCOMING_FEATURE_MEMBER_IMPORT_VISIBILITY = YES;
				SWIFT_VERSION = 5.0;
				TARGETED_DEVICE_FAMILY = "1,2";
			};
			name = Release;
		};
		7E57C0DE000000000000000A /* Debug configuration for PBXNativeTarget "PepperWatchTests" */ = {
			isa = XCBuildConfiguration;
			buildSettings = {
				BUNDLE_LOADER = "$(TEST_HOST)";
				CODE_SIGN_STYLE = Automatic;
				CURRENT_PROJECT_VERSION = 1;
				DEVELOPMENT_TEAM = NSA2PC5U28;
				GENERATE_INFOPLIST_FILE = YES;
				IPHONEOS_DEPLOYMENT_TARGET = 27.0;
				MARKETING_VERSION = 1.0;
				PRODUCT_BUNDLE_IDENTIFIER = "com.tristanlistanco.Pepper-Watch.Tests";
				PRODUCT_NAME = "$(TARGET_NAME)";
				SDKROOT = iphoneos;
				SUPPORTED_PLATFORMS = "iphoneos iphonesimulator";
				SWIFT_APPROACHABLE_CONCURRENCY = YES;
				SWIFT_DEFAULT_ACTOR_ISOLATION = MainActor;
				SWIFT_EMIT_LOC_STRINGS = NO;
				SWIFT_UPCOMING_FEATURE_MEMBER_IMPORT_VISIBILITY = YES;
				SWIFT_VERSION = 5.0;
				TARGETED_DEVICE_FAMILY = "1,2";
				TEST_HOST = "$(BUILT_PRODUCTS_DIR)/Pepper Watch.app/$(BUNDLE_EXECUTABLE_FOLDER_PATH)/Pepper Watch";
			};
			name = Debug;
		};
		7E57C0DE000000000000000B /* Release configuration for PBXNativeTarget "PepperWatchTests" */ = {
			isa = XCBuildConfiguration;
			buildSettings = {
				BUNDLE_LOADER = "$(TEST_HOST)";
				CODE_SIGN_STYLE = Automatic;
				CURRENT_PROJECT_VERSION = 1;
				DEVELOPMENT_TEAM = NSA2PC5U28;
				GENERATE_INFOPLIST_FILE = YES;
				IPHONEOS_DEPLOYMENT_TARGET = 27.0;
				MARKETING_VERSION = 1.0;
				PRODUCT_BUNDLE_IDENTIFIER = "com.tristanlistanco.Pepper-Watch.Tests";
				PRODUCT_NAME = "$(TARGET_NAME)";
				SDKROOT = iphoneos;
				SUPPORTED_PLATFORMS = "iphoneos iphonesimulator";
				SWIFT_APPROACHABLE_CONCURRENCY = YES;
				SWIFT_DEFAULT_ACTOR_ISOLATION = MainActor;
				SWIFT_EMIT_LOC_STRINGS = NO;
				SWIFT_UPCOMING_FEATURE_MEMBER_IMPORT_VISIBILITY = YES;
				SWIFT_VERSION = 5.0;
				TARGETED_DEVICE_FAMILY = "1,2";
				TEST_HOST = "$(BUILT_PRODUCTS_DIR)/Pepper Watch.app/$(BUNDLE_EXECUTABLE_FOLDER_PATH)/Pepper Watch";
			};
			name = Release;
		};
		7E57C0DE000000000000010A /* Debug configuration for PBXNativeTarget "PepperWatchWatchTests" */ = {
			isa = XCBuildConfiguration;
			buildSettings = {
				BUNDLE_LOADER = "$(TEST_HOST)";
				CODE_SIGN_STYLE = Automatic;
				CURRENT_PROJECT_VERSION = 1;
				DEVELOPMENT_TEAM = NSA2PC5U28;
				GENERATE_INFOPLIST_FILE = YES;
				MARKETING_VERSION = 1.0;
				PRODUCT_BUNDLE_IDENTIFIER = "com.tristanlistanco.Pepper-Watch.watchkitapp.Tests";
				PRODUCT_NAME = "$(TARGET_NAME)";
				SDKROOT = watchos;
				SWIFT_APPROACHABLE_CONCURRENCY = YES;
				SWIFT_DEFAULT_ACTOR_ISOLATION = MainActor;
				SWIFT_EMIT_LOC_STRINGS = NO;
				SWIFT_UPCOMING_FEATURE_MEMBER_IMPORT_VISIBILITY = YES;
				SWIFT_VERSION = 5.0;
				TARGETED_DEVICE_FAMILY = 4;
				TEST_HOST = "$(BUILT_PRODUCTS_DIR)/PepperWatchWatchApp.app/$(BUNDLE_EXECUTABLE_FOLDER_PATH)/PepperWatchWatchApp";
				WATCHOS_DEPLOYMENT_TARGET = 27.0;
			};
			name = Debug;
		};
		7E57C0DE000000000000010B /* Release configuration for PBXNativeTarget "PepperWatchWatchTests" */ = {
			isa = XCBuildConfiguration;
			buildSettings = {
				BUNDLE_LOADER = "$(TEST_HOST)";
				CODE_SIGN_STYLE = Automatic;
				CURRENT_PROJECT_VERSION = 1;
				DEVELOPMENT_TEAM = NSA2PC5U28;
				GENERATE_INFOPLIST_FILE = YES;
				MARKETING_VERSION = 1.0;
				PRODUCT_BUNDLE_IDENTIFIER = "com.tristanlistanco.Pepper-Watch.watchkitapp.Tests";
				PRODUCT_NAME = "$(TARGET_NAME)";
				SDKROOT = watchos;
				SWIFT_APPROACHABLE_CONCURRENCY = YES;
				SWIFT_DEFAULT_ACTOR_ISOLATION = MainActor;
				SWIFT_EMIT_LOC_STRINGS = NO;
				SWIFT_UPCOMING_FEATURE_MEMBER_IMPORT_VISIBILITY = YES;
				SWIFT_VERSION = 5.0;
				TARGETED_DEVICE_FAMILY = 4;
				TEST_HOST = "$(BUILT_PRODUCTS_DIR)/PepperWatchWatchApp.app/$(BUNDLE_EXECUTABLE_FOLDER_PATH)/PepperWatchWatchApp";
				WATCHOS_DEPLOYMENT_TARGET = 27.0;
			};
			name = Release;
		};
/* End XCBuildConfiguration section */

/* Begin XCConfigurationList section */
		7E57C0DE0000000000000209 /* Build configuration list for PBXNativeTarget "PepperWatchUITests" */ = {
			isa = XCConfigurationList;
			buildConfigurations = (
				7E57C0DE000000000000020A /* Debug configuration for PBXNativeTarget "PepperWatchUITests" */,
				7E57C0DE000000000000020B /* Release configuration for PBXNativeTarget "PepperWatchUITests" */,
			);
			defaultConfigurationName = Release;
		};
		5EA7C0DE000000000000000A /* Build configuration list for PBXNativeTarget "PepperWatchWatchApp" */ = {
			isa = XCConfigurationList;
			buildConfigurations = (
				5EA7C0DE0000000000000008 /* Debug configuration for PBXNativeTarget "PepperWatchWatchApp" */,
				5EA7C0DE0000000000000009 /* Release configuration for PBXNativeTarget "PepperWatchWatchApp" */,
			);
			defaultConfigurationName = Release;
		};
		5EA7C0DE000000000000002C /* Build configuration list for PBXNativeTarget "PepperWatchWatchWidgetsExtension" */ = {
			isa = XCConfigurationList;
			buildConfigurations = (
				5EA7C0DE000000000000002A /* Debug configuration for PBXNativeTarget "PepperWatchWatchWidgetsExtension" */,
				5EA7C0DE000000000000002B /* Release configuration for PBXNativeTarget "PepperWatchWatchWidgetsExtension" */,
			);
			defaultConfigurationName = Release;
		};
		63F68298306B92B300298C1C /* Build configuration list for PBXProject "Pepper Watch" */ = {
			isa = XCConfigurationList;
			buildConfigurations = (
				63F682A6306B92B400298C1C /* Debug configuration for PBXProject "Pepper Watch" */,
				63F682A7306B92B400298C1C /* Release configuration for PBXProject "Pepper Watch" */,
			);
			defaultConfigurationName = Release;
		};
		63F682A8306B92B400298C1C /* Build configuration list for PBXNativeTarget "Pepper Watch" */ = {
			isa = XCConfigurationList;
			buildConfigurations = (
				63F682A9306B92B400298C1C /* Debug configuration for PBXNativeTarget "Pepper Watch" */,
				63F682AA306B92B400298C1C /* Release configuration for PBXNativeTarget "Pepper Watch" */,
			);
			defaultConfigurationName = Release;
		};
		7A11C0DE000000000000000A /* Build configuration list for PBXNativeTarget "PepperWatchWidgetsExtension" */ = {
			isa = XCConfigurationList;
			buildConfigurations = (
				7A11C0DE0000000000000008 /* Debug configuration for PBXNativeTarget "PepperWatchWidgetsExtension" */,
				7A11C0DE0000000000000009 /* Release configuration for PBXNativeTarget "PepperWatchWidgetsExtension" */,
			);
			defaultConfigurationName = Release;
		};
		7E57C0DE0000000000000009 /* Build configuration list for PBXNativeTarget "PepperWatchTests" */ = {
			isa = XCConfigurationList;
			buildConfigurations = (
				7E57C0DE000000000000000A /* Debug configuration for PBXNativeTarget "PepperWatchTests" */,
				7E57C0DE000000000000000B /* Release configuration for PBXNativeTarget "PepperWatchTests" */,
			);
			defaultConfigurationName = Release;
		};
		7E57C0DE0000000000000109 /* Build configuration list for PBXNativeTarget "PepperWatchWatchTests" */ = {
			isa = XCConfigurationList;
			buildConfigurations = (
				7E57C0DE000000000000010A /* Debug configuration for PBXNativeTarget "PepperWatchWatchTests" */,
				7E57C0DE000000000000010B /* Release configuration for PBXNativeTarget "PepperWatchWatchTests" */,
			);
			defaultConfigurationName = Release;
		};
/* End XCConfigurationList section */
	};
	rootObject = 63F68295306B92B300298C1C /* Project object */;
	validationLevel = 1;
}
